
Microsoft Visual Studio Solution File, Format Version 12.00
# Visual Studio Version 17
VisualStudioVersion = 17.10.35013.160
MinimumVisualStudioVersion = 10.0.40219.1
Project("{FAE04EC0-301F-11D3-BF4B-00C04F79EFBC}") = "Day5-MVCDemos", "Day5-MVCDemos\Day5-MVCDemos.csproj", "{BF87C4BC-0E9E-4FC9-91C3-E05A2DC1F2C6}"
EndProject
Global
	GlobalSection(SolutionConfigurationPlatforms) = preSolution
		Debug|Any CPU = Debug|Any CPU
		Release|Any CPU = Release|Any CPU
	EndGlobalSection
	GlobalSection(ProjectConfigurationPlatforms) = postSolution
		{BF87C4BC-0E9E-4FC9-91C3-E05A2DC1F2C6}.Debug|Any CPU.ActiveCfg = Debug|Any CPU
		{BF87C4BC-0E9E-4FC9-91C3-E05A2DC1F2C6}.Debug|Any CPU.Build.0 = Debug|Any CPU
		{BF87C4BC-0E9E-4FC9-91C3-E05A2DC1F2C6}.Release|Any CPU.ActiveCfg = Release|Any CPU
		{BF87C4BC-0E9E-4FC9-91C3-E05A2DC1F2C6}.Release|Any CPU.Build.0 = Release|Any CPU
	EndGlobalSection
	GlobalSection(SolutionProperties) = preSolution
		HideSolutionNode = FALSE
	EndGlobalSection
	GlobalSection(ExtensibilityGlobals) = postSolution
		SolutionGuid = {21BC4367-8E4D-4826-9C7E-B7CE86AB1A42}
	EndGlobalSection
EndGlobal
